# THIS IS AN AUTOGENERATED FILE. DO NOT EDIT THIS FILE DIRECTLY.
# yarn lockfile v1


"@types/mocha@^2.2.31":
  version "2.2.39"
  resolved "https://registry.yarnpkg.com/@types/mocha/-/mocha-2.2.39.tgz#f68d63db8b69c38e9558b4073525cf96c4f7a829"

"@types/node@*":
  version "7.0.5"
  resolved "https://registry.yarnpkg.com/@types/node/-/node-7.0.5.tgz#96a0f0a618b7b606f1ec547403c00650210bfbb7"

"@types/q@0.x.x":
  version "0.0.32"
  resolved "https://registry.yarnpkg.com/@types/q/-/q-0.0.32.tgz#bd284e57c84f1325da702babfc82a5328190c0c5"

"@types/shelljs@^0.3.33":
  version "0.3.33"
  resolved "https://registry.yarnpkg.com/@types/shelljs/-/shelljs-0.3.33.tgz#df613bddb88225ed09ce5c835f620dcaaf155e6b"
  dependencies:
    "@types/node" "*"

"@types/should@^8.1.30":
  version "8.1.30"
  resolved "https://registry.yarnpkg.com/@types/should/-/should-8.1.30.tgz#e6b4f3ca4fb0799f6ce3303f3a8c003df6585aa3"

"@types/through2@^2.0.32":
  version "2.0.32"
  resolved "https://registry.yarnpkg.com/@types/through2/-/through2-2.0.32.tgz#470024450f1ab7640f19f9ebf42d3da574c26129"
  dependencies:
    "@types/node" "*"

balanced-match@^0.4.1:
  version "0.4.2"
  resolved "https://registry.yarnpkg.com/balanced-match/-/balanced-match-0.4.2.tgz#cb3f3e3c732dc0f01ee70b403f302e61d7709838"

brace-expansion@^1.0.0:
  version "1.1.6"
  resolved "https://registry.yarnpkg.com/brace-expansion/-/brace-expansion-1.1.6.tgz#7197d7eaa9b87e648390ea61fc66c84427420df9"
  dependencies:
    balanced-match "^0.4.1"
    concat-map "0.0.1"

buffer-shims@^1.0.0:
  version "1.0.0"
  resolved "https://registry.yarnpkg.com/buffer-shims/-/buffer-shims-1.0.0.tgz#9978ce317388c649ad8793028c3477ef044a8b51"

concat-map@0.0.1:
  version "0.0.1"
  resolved "https://registry.yarnpkg.com/concat-map/-/concat-map-0.0.1.tgz#d8a96bd77fd68df7793a73036a3ba0d5405d477b"

core-util-is@~1.0.0:
  version "1.0.2"
  resolved "https://registry.yarnpkg.com/core-util-is/-/core-util-is-1.0.2.tgz#b5fd54220aa2bc5ab57aab7140c940754503c1a7"

fs.realpath@^1.0.0:
  version "1.0.0"
  resolved "https://registry.yarnpkg.com/fs.realpath/-/fs.realpath-1.0.0.tgz#1504ad2523158caa40db4a2787cb01411994ea4f"

glob@^7.0.0:
  version "7.1.1"
  resolved "https://registry.yarnpkg.com/glob/-/glob-7.1.1.tgz#805211df04faaf1c63a3600306cdf5ade50b2ec8"
  dependencies:
    fs.realpath "^1.0.0"
    inflight "^1.0.4"
    inherits "2"
    minimatch "^3.0.2"
    once "^1.3.0"
    path-is-absolute "^1.0.0"

inflight@^1.0.4:
  version "1.0.6"
  resolved "https://registry.yarnpkg.com/inflight/-/inflight-1.0.6.tgz#49bd6331d7d02d0c09bc910a1075ba8165b56df9"
  dependencies:
    once "^1.3.0"
    wrappy "1"

inherits@2, inherits@~2.0.1:
  version "2.0.3"
  resolved "https://registry.yarnpkg.com/inherits/-/inherits-2.0.3.tgz#633c2c83e3da42a502f52466022480f4208261de"

interpret@^1.0.0:
  version "1.0.1"
  resolved "https://registry.yarnpkg.com/interpret/-/interpret-1.0.1.tgz#d579fb7f693b858004947af39fa0db49f795602c"

isarray@~1.0.0:
  version "1.0.0"
  resolved "https://registry.yarnpkg.com/isarray/-/isarray-1.0.0.tgz#bb935d48582cba168c06834957a54a3e07124f11"

minimatch@^3.0.2:
  version "3.0.3"
  resolved "https://registry.yarnpkg.com/minimatch/-/minimatch-3.0.3.tgz#2a4e4090b96b2db06a9d7df01055a62a77c9b774"
  dependencies:
    brace-expansion "^1.0.0"

npmts-g@^6.0.0:
  version "6.0.0"
  resolved "https://registry.yarnpkg.com/npmts-g/-/npmts-g-6.0.0.tgz#491fd50f110967f1b68f14237e7ea5157bf4ddb3"
  dependencies:
    "@types/shelljs" "^0.3.33"
    semver "^5.3.0"
    shelljs "^0.7.5"
    typings-global "^1.0.14"

once@^1.3.0:
  version "1.4.0"
  resolved "https://registry.yarnpkg.com/once/-/once-1.4.0.tgz#583b1aa775961d4b113ac17d9c50baef9dd76bd1"
  dependencies:
    wrappy "1"

path-is-absolute@^1.0.0:
  version "1.0.1"
  resolved "https://registry.yarnpkg.com/path-is-absolute/-/path-is-absolute-1.0.1.tgz#174b9268735534ffbc7ace6bf53a5a9e1b5c5f5f"

path-parse@^1.0.5:
  version "1.0.5"
  resolved "https://registry.yarnpkg.com/path-parse/-/path-parse-1.0.5.tgz#3c1adf871ea9cd6c9431b6ea2bd74a0ff055c4c1"

process-nextick-args@~1.0.6:
  version "1.0.7"
  resolved "https://registry.yarnpkg.com/process-nextick-args/-/process-nextick-args-1.0.7.tgz#150e20b756590ad3f91093f25a4f2ad8bff30ba3"

q@^1.4.1:
  version "1.4.1"
  resolved "https://registry.yarnpkg.com/q/-/q-1.4.1.tgz#55705bcd93c5f3673530c2c2cbc0c2b3addc286e"

readable-stream@^2.1.5:
  version "2.2.3"
  resolved "https://registry.yarnpkg.com/readable-stream/-/readable-stream-2.2.3.tgz#9cf49463985df016c8ae8813097a9293a9b33729"
  dependencies:
    buffer-shims "^1.0.0"
    core-util-is "~1.0.0"
    inherits "~2.0.1"
    isarray "~1.0.0"
    process-nextick-args "~1.0.6"
    string_decoder "~0.10.x"
    util-deprecate "~1.0.1"

rechoir@^0.6.2:
  version "0.6.2"
  resolved "https://registry.yarnpkg.com/rechoir/-/rechoir-0.6.2.tgz#85204b54dba82d5742e28c96756ef43af50e3384"
  dependencies:
    resolve "^1.1.6"

resolve@^1.1.6:
  version "1.3.2"
  resolved "https://registry.yarnpkg.com/resolve/-/resolve-1.3.2.tgz#1f0442c9e0cbb8136e87b9305f932f46c7f28235"
  dependencies:
    path-parse "^1.0.5"

semver@^5.3.0:
  version "5.3.0"
  resolved "https://registry.yarnpkg.com/semver/-/semver-5.3.0.tgz#9b2ce5d3de02d17c6012ad326aa6b4d0cf54f94f"

shelljs@^0.7.4, shelljs@^0.7.5:
  version "0.7.6"
  resolved "https://registry.yarnpkg.com/shelljs/-/shelljs-0.7.6.tgz#379cccfb56b91c8601e4793356eb5382924de9ad"
  dependencies:
    glob "^7.0.0"
    interpret "^1.0.0"
    rechoir "^0.6.2"

should-equal@^1.0.0:
  version "1.0.1"
  resolved "https://registry.yarnpkg.com/should-equal/-/should-equal-1.0.1.tgz#0b6e9516f2601a9fb0bb2dcc369afa1c7e200af7"
  dependencies:
    should-type "^1.0.0"

should-format@^3.0.2:
  version "3.0.3"
  resolved "https://registry.yarnpkg.com/should-format/-/should-format-3.0.3.tgz#9bfc8f74fa39205c53d38c34d717303e277124f1"
  dependencies:
    should-type "^1.3.0"
    should-type-adaptors "^1.0.1"

should-type-adaptors@^1.0.1:
  version "1.0.1"
  resolved "https://registry.yarnpkg.com/should-type-adaptors/-/should-type-adaptors-1.0.1.tgz#efe5553cdf68cff66e5c5f51b712dc351c77beaa"
  dependencies:
    should-type "^1.3.0"
    should-util "^1.0.0"

should-type@^1.0.0, should-type@^1.3.0, should-type@^1.4.0:
  version "1.4.0"
  resolved "https://registry.yarnpkg.com/should-type/-/should-type-1.4.0.tgz#0756d8ce846dfd09843a6947719dfa0d4cff5cf3"

should-util@^1.0.0:
  version "1.0.0"
  resolved "https://registry.yarnpkg.com/should-util/-/should-util-1.0.0.tgz#c98cda374aa6b190df8ba87c9889c2b4db620063"

should@^11.2.0:
  version "11.2.0"
  resolved "https://registry.yarnpkg.com/should/-/should-11.2.0.tgz#7afca3182c234781d786d2278a87805b5ecf0409"
  dependencies:
    should-equal "^1.0.0"
    should-format "^3.0.2"
    should-type "^1.4.0"
    should-type-adaptors "^1.0.1"
    should-util "^1.0.0"

string_decoder@~0.10.x:
  version "0.10.31"
  resolved "https://registry.yarnpkg.com/string_decoder/-/string_decoder-0.10.31.tgz#62e203bc41766c6c28c9fc84301dab1c5310fa94"

through2@^2.0.3:
  version "2.0.3"
  resolved "https://registry.yarnpkg.com/through2/-/through2-2.0.3.tgz#0004569b37c7c74ba39c43f3ced78d1ad94140be"
  dependencies:
    readable-stream "^2.1.5"
    xtend "~4.0.1"

typings-global@*, typings-global@^1.0.14:
  version "1.0.14"
  resolved "https://registry.yarnpkg.com/typings-global/-/typings-global-1.0.14.tgz#ab682720a03d6b9278869fb5c30c30d7dc61d12c"
  dependencies:
    semver "^5.3.0"
    shelljs "^0.7.4"

typings-test@^1.0.3:
  version "1.0.3"
  resolved "https://registry.yarnpkg.com/typings-test/-/typings-test-1.0.3.tgz#fbab895eb3f0c44842e73db059f65946b971e369"
  dependencies:
    "@types/mocha" "^2.2.31"
    typings-global "*"

util-deprecate@~1.0.1:
  version "1.0.2"
  resolved "https://registry.yarnpkg.com/util-deprecate/-/util-deprecate-1.0.2.tgz#450d4dc9fa70de732762fbd2d4a28981419a0ccf"

wrappy@1:
  version "1.0.2"
  resolved "https://registry.yarnpkg.com/wrappy/-/wrappy-1.0.2.tgz#b5243d8f3ec1aa35f1364605bc0d1036e30ab69f"

xtend@~4.0.1:
  version "4.0.1"
  resolved "https://registry.yarnpkg.com/xtend/-/xtend-4.0.1.tgz#a5c6d532be656e23db820efb943a1f04998d63af"
